
Microsoft Visual Studio Solution File, Format Version 12.00
# Visual Studio Version 16
VisualStudioVersion = 16.0.31729.503
MinimumVisualStudioVersion = 10.0.40219.1
Project("{9A19103F-16F7-4668-BE54-9A1E7A4F7556}") = "EntityFrameworkConsoleAppNet5", "EntityFrameworkConsoleAppNet5\EntityFrameworkConsoleAppNet5.csproj", "{AA43AD04-23BE-4F79-996F-174EAAE222DA}"
EndProject
Project("{9A19103F-16F7-4668-BE54-9A1E7A4F7556}") = "EntityFrameworkNet5.Data", "EntityFrameworkNet5.Data\EntityFrameworkNet5.Data.csproj", "{7DEA2758-D252-4844-A8E4-D27DDAD7DCD9}"
EndProject
Project("{9A19103F-16F7-4668-BE54-9A1E7A4F7556}") = "EntityFrameworkNet5.Domain", "EntityFrameworkNet5.Domain\EntityFrameworkNet5.Domain.csproj", "{43C56140-BF52-4AE6-AAFA-5B5F4847F434}"
EndProject
Project("{FAE04EC0-301F-11D3-BF4B-00C04F79EFBC}") = "Northwind.ConsoleApp.ScaffoldDB", "Northwind.ConsoleApp.ScaffoldDB\Northwind.ConsoleApp.ScaffoldDB.csproj", "{985D5317-F06E-45C5-8C45-5533EEA587BB}"
EndProject
Global
	GlobalSection(SolutionConfigurationPlatforms) = preSolution
		Debug|Any CPU = Debug|Any CPU
		Release|Any CPU = Release|Any CPU
	EndGlobalSection
	GlobalSection(ProjectConfigurationPlatforms) = postSolution
		{AA43AD04-23BE-4F79-996F-174EAAE222DA}.Debug|Any CPU.ActiveCfg = Debug|Any CPU
		{AA43AD04-23BE-4F79-996F-174EAAE222DA}.Debug|Any CPU.Build.0 = Debug|Any CPU
		{AA43AD04-23BE-4F79-996F-174EAAE222DA}.Release|Any CPU.ActiveCfg = Release|Any CPU
		{AA43AD04-23BE-4F79-996F-174EAAE222DA}.Release|Any CPU.Build.0 = Release|Any CPU
		{7DEA2758-D252-4844-A8E4-D27DDAD7DCD9}.Debug|Any CPU.ActiveCfg = Debug|Any CPU
		{7DEA2758-D252-4844-A8E4-D27DDAD7DCD9}.Debug|Any CPU.Build.0 = Debug|Any CPU
		{7DEA2758-D252-4844-A8E4-D27DDAD7DCD9}.Release|Any CPU.ActiveCfg = Release|Any CPU
		{7DEA2758-D252-4844-A8E4-D27DDAD7DCD9}.Release|Any CPU.Build.0 = Release|Any CPU
		{43C56140-BF52-4AE6-AAFA-5B5F4847F434}.Debug|Any CPU.ActiveCfg = Debug|Any CPU
		{43C56140-BF52-4AE6-AAFA-5B5F4847F434}.Debug|Any CPU.Build.0 = Debug|Any CPU
		{43C56140-BF52-4AE6-AAFA-5B5F4847F434}.Release|Any CPU.ActiveCfg = Release|Any CPU
		{43C56140-BF52-4AE6-AAFA-5B5F4847F434}.Release|Any CPU.Build.0 = Release|Any CPU
		{985D5317-F06E-45C5-8C45-5533EEA587BB}.Debug|Any CPU.ActiveCfg = Debug|Any CPU
		{985D5317-F06E-45C5-8C45-5533EEA587BB}.Debug|Any CPU.Build.0 = Debug|Any CPU
		{985D5317-F06E-45C5-8C45-5533EEA587BB}.Release|Any CPU.ActiveCfg = Release|Any CPU
		{985D5317-F06E-45C5-8C45-5533EEA587BB}.Release|Any CPU.Build.0 = Release|Any CPU
	EndGlobalSection
	GlobalSection(SolutionProperties) = preSolution
		HideSolutionNode = FALSE
	EndGlobalSection
	GlobalSection(ExtensibilityGlobals) = postSolution
		SolutionGuid = {87023418-72AD-4A53-8251-7D49843F9858}
	EndGlobalSection
EndGlobal
